
Microsoft Visual Studio Solution File, Format Version 12.00
# Visual Studio 2013
VisualStudioVersion = 12.0.21005.1
MinimumVisualStudioVersion = 10.0.40219.1
Project("{FAE04EC0-301F-11D3-BF4B-00C04F79EFBC}") = "01. IsLeapYear", "01.IsLeapYear\01. IsLeapYear.csproj", "{E82E811C-121F-4E9F-8D31-5D99744CF63A}"
EndProject
Project("{FAE04EC0-301F-11D3-BF4B-00C04F79EFBC}") = "02. RandomValues", "02.RandomValues\02. RandomValues.csproj", "{866CABD9-5EDE-4368-ADE1-CB4E287933A1}"
EndProject
Project("{FAE04EC0-301F-11D3-BF4B-00C04F79EFBC}") = "03. DayOfWeek", "03.DayOfWeek\03. DayOfWeek.csproj", "{3276621D-E82E-4045-9816-5A40036C4164}"
EndProject
Project("{FAE04EC0-301F-11D3-BF4B-00C04F79EFBC}") = "04. SurfaceOfTriangle", "04.SurfaceOfTriangle\04. SurfaceOfTriangle.csproj", "{D26F968A-DB6C-4102-A993-151D2BBEB6C8}"
EndProject
Project("{FAE04EC0-301F-11D3-BF4B-00C04F79EFBC}") = "05. Workdays", "05. Workdays\05. Workdays.csproj", "{B9438053-E370-4954-ADCF-53082867AE3A}"
EndProject
Project("{FAE04EC0-301F-11D3-BF4B-00C04F79EFBC}") = "06. SumStringNumbers", "06. SumStringNumbers\06. SumStringNumbers.csproj", "{3FEAE9C1-3357-4B5B-B162-CF130D081C8E}"
EndProject
Project("{FAE04EC0-301F-11D3-BF4B-00C04F79EFBC}") = "07.MathExpresion", "07.MathExpresion\07.MathExpresion.csproj", "{340E51AC-7176-487B-B2A7-5F27417D8CBB}"
EndProject
Global
	GlobalSection(SolutionConfigurationPlatforms) = preSolution
		Debug|Any CPU = Debug|Any CPU
		Release|Any CPU = Release|Any CPU
	EndGlobalSection
	GlobalSection(ProjectConfigurationPlatforms) = postSolution
		{E82E811C-121F-4E9F-8D31-5D99744CF63A}.Debug|Any CPU.ActiveCfg = Debug|Any CPU
		{E82E811C-121F-4E9F-8D31-5D99744CF63A}.Debug|Any CPU.Build.0 = Debug|Any CPU
		{E82E811C-121F-4E9F-8D31-5D99744CF63A}.Release|Any CPU.ActiveCfg = Release|Any CPU
		{E82E811C-121F-4E9F-8D31-5D99744CF63A}.Release|Any CPU.Build.0 = Release|Any CPU
		{866CABD9-5EDE-4368-ADE1-CB4E287933A1}.Debug|Any CPU.ActiveCfg = Debug|Any CPU
		{866CABD9-5EDE-4368-ADE1-CB4E287933A1}.Debug|Any CPU.Build.0 = Debug|Any CPU
		{866CABD9-5EDE-4368-ADE1-CB4E287933A1}.Release|Any CPU.ActiveCfg = Release|Any CPU
		{866CABD9-5EDE-4368-ADE1-CB4E287933A1}.Release|Any CPU.Build.0 = Release|Any CPU
		{3276621D-E82E-4045-9816-5A40036C4164}.Debug|Any CPU.ActiveCfg = Debug|Any CPU
		{3276621D-E82E-4045-9816-5A40036C4164}.Debug|Any CPU.Build.0 = Debug|Any CPU
		{3276621D-E82E-4045-9816-5A40036C4164}.Release|Any CPU.ActiveCfg = Release|Any CPU
		{3276621D-E82E-4045-9816-5A40036C4164}.Release|Any CPU.Build.0 = Release|Any CPU
		{D26F968A-DB6C-4102-A993-151D2BBEB6C8}.Debug|Any CPU.ActiveCfg = Debug|Any CPU
		{D26F968A-DB6C-4102-A993-151D2BBEB6C8}.Debug|Any CPU.Build.0 = Debug|Any CPU
		{D26F968A-DB6C-4102-A993-151D2BBEB6C8}.Release|Any CPU.ActiveCfg = Release|Any CPU
		{D26F968A-DB6C-4102-A993-151D2BBEB6C8}.Release|Any CPU.Build.0 = Release|Any CPU
		{B9438053-E370-4954-ADCF-53082867AE3A}.Debug|Any CPU.ActiveCfg = Debug|Any CPU
		{B9438053-E370-4954-ADCF-53082867AE3A}.Debug|Any CPU.Build.0 = Debug|Any CPU
		{B9438053-E370-4954-ADCF-53082867AE3A}.Release|Any CPU.ActiveCfg = Release|Any CPU
		{B9438053-E370-4954-ADCF-53082867AE3A}.Release|Any CPU.Build.0 = Release|Any CPU
		{3FEAE9C1-3357-4B5B-B162-CF130D081C8E}.Debug|Any CPU.ActiveCfg = Debug|Any CPU
		{3FEAE9C1-3357-4B5B-B162-CF130D081C8E}.Debug|Any CPU.Build.0 = Debug|Any CPU
		{3FEAE9C1-3357-4B5B-B162-CF130D081C8E}.Release|Any CPU.ActiveCfg = Release|Any CPU
		{3FEAE9C1-3357-4B5B-B162-CF130D081C8E}.Release|Any CPU.Build.0 = Release|Any CPU
		{340E51AC-7176-487B-B2A7-5F27417D8CBB}.Debug|Any CPU.ActiveCfg = Debug|Any CPU
		{340E51AC-7176-487B-B2A7-5F27417D8CBB}.Debug|Any CPU.Build.0 = Debug|Any CPU
		{340E51AC-7176-487B-B2A7-5F27417D8CBB}.Release|Any CPU.ActiveCfg = Release|Any CPU
		{340E51AC-7176-487B-B2A7-5F27417D8CBB}.Release|Any CPU.Build.0 = Release|Any CPU
	EndGlobalSection
	GlobalSection(SolutionProperties) = preSolution
		HideSolutionNode = FALSE
	EndGlobalSection
EndGlobal
