
Microsoft Visual Studio Solution File, Format Version 12.00
# Visual Studio Express 2012 for Windows Desktop
Project("{FAE04EC0-301F-11D3-BF4B-00C04F79EFBC}") = "01.VendingMachine", "01.VendingMachine\01.VendingMachine.csproj", "{F96DDC37-F4A5-430B-975D-39B8A626D995}"
EndProject
Project("{FAE04EC0-301F-11D3-BF4B-00C04F79EFBC}") = "02.DrunkenNumbers", "02.DrunkenNumbers\02.DrunkenNumbers.csproj", "{3F8C9130-08E7-499B-B60D-15B4A75415FB}"
EndProject
Project("{FAE04EC0-301F-11D3-BF4B-00C04F79EFBC}") = "03.BullsAndCows", "03.BullsAndCows\03.BullsAndCows.csproj", "{9FB375BE-6761-4076-8A5C-C506416EAB3A}"
EndProject
Project("{FAE04EC0-301F-11D3-BF4B-00C04F79EFBC}") = "04.Fire", "04.Fire\04.Fire.csproj", "{2FEF94EC-4E23-40BF-A606-C3887AFB581A}"
EndProject
Project("{FAE04EC0-301F-11D3-BF4B-00C04F79EFBC}") = "05.Neurons", "05.Neurons\05.Neurons.csproj", "{A875F81E-73E5-419D-AA05-D8A97160873C}"
EndProject
Global
	GlobalSection(SolutionConfigurationPlatforms) = preSolution
		Debug|Any CPU = Debug|Any CPU
		Release|Any CPU = Release|Any CPU
	EndGlobalSection
	GlobalSection(ProjectConfigurationPlatforms) = postSolution
		{F96DDC37-F4A5-430B-975D-39B8A626D995}.Debug|Any CPU.ActiveCfg = Debug|Any CPU
		{F96DDC37-F4A5-430B-975D-39B8A626D995}.Debug|Any CPU.Build.0 = Debug|Any CPU
		{F96DDC37-F4A5-430B-975D-39B8A626D995}.Release|Any CPU.ActiveCfg = Release|Any CPU
		{F96DDC37-F4A5-430B-975D-39B8A626D995}.Release|Any CPU.Build.0 = Release|Any CPU
		{3F8C9130-08E7-499B-B60D-15B4A75415FB}.Debug|Any CPU.ActiveCfg = Debug|Any CPU
		{3F8C9130-08E7-499B-B60D-15B4A75415FB}.Debug|Any CPU.Build.0 = Debug|Any CPU
		{3F8C9130-08E7-499B-B60D-15B4A75415FB}.Release|Any CPU.ActiveCfg = Release|Any CPU
		{3F8C9130-08E7-499B-B60D-15B4A75415FB}.Release|Any CPU.Build.0 = Release|Any CPU
		{9FB375BE-6761-4076-8A5C-C506416EAB3A}.Debug|Any CPU.ActiveCfg = Debug|Any CPU
		{9FB375BE-6761-4076-8A5C-C506416EAB3A}.Debug|Any CPU.Build.0 = Debug|Any CPU
		{9FB375BE-6761-4076-8A5C-C506416EAB3A}.Release|Any CPU.ActiveCfg = Release|Any CPU
		{9FB375BE-6761-4076-8A5C-C506416EAB3A}.Release|Any CPU.Build.0 = Release|Any CPU
		{2FEF94EC-4E23-40BF-A606-C3887AFB581A}.Debug|Any CPU.ActiveCfg = Debug|Any CPU
		{2FEF94EC-4E23-40BF-A606-C3887AFB581A}.Debug|Any CPU.Build.0 = Debug|Any CPU
		{2FEF94EC-4E23-40BF-A606-C3887AFB581A}.Release|Any CPU.ActiveCfg = Release|Any CPU
		{2FEF94EC-4E23-40BF-A606-C3887AFB581A}.Release|Any CPU.Build.0 = Release|Any CPU
		{A875F81E-73E5-419D-AA05-D8A97160873C}.Debug|Any CPU.ActiveCfg = Debug|Any CPU
		{A875F81E-73E5-419D-AA05-D8A97160873C}.Debug|Any CPU.Build.0 = Debug|Any CPU
		{A875F81E-73E5-419D-AA05-D8A97160873C}.Release|Any CPU.ActiveCfg = Release|Any CPU
		{A875F81E-73E5-419D-AA05-D8A97160873C}.Release|Any CPU.Build.0 = Release|Any CPU
	EndGlobalSection
	GlobalSection(SolutionProperties) = preSolution
		HideSolutionNode = FALSE
	EndGlobalSection
EndGlobal
