
Microsoft Visual Studio Solution File, Format Version 12.00
# Visual Studio Express 2013 for Windows Desktop
VisualStudioVersion = 12.0.21005.1
MinimumVisualStudioVersion = 10.0.40219.1
Project("{FAE04EC0-301F-11D3-BF4B-00C04F79EFBC}") = "01.AddOddLines", "01.AddOddLines\01.AddOddLines.csproj", "{693E31F3-4DE4-42FC-8C6D-64B192789981}"
EndProject
Project("{FAE04EC0-301F-11D3-BF4B-00C04F79EFBC}") = "02.ConcatenateTwoFiles", "02.ConcatenateTwoFiles\02.ConcatenateTwoFiles.csproj", "{55DB7CA9-2037-4B67-88A0-BB2F3C039DC4}"
EndProject
Project("{FAE04EC0-301F-11D3-BF4B-00C04F79EFBC}") = "03. InsertLineNumbers", "03. InsertLineNumbers\03. InsertLineNumbers.csproj", "{9810EBCA-5F0C-4CE1-B97B-DBE656E48FE9}"
EndProject
Project("{FAE04EC0-301F-11D3-BF4B-00C04F79EFBC}") = "04. DifOfFiles", "04. DifOfFiles\04. DifOfFiles.csproj", "{06FC09EC-0C80-40E7-84EB-2829F34C157A}"
EndProject
Project("{FAE04EC0-301F-11D3-BF4B-00C04F79EFBC}") = "05.SquareMatrixMaxSum", "05.SquareMtrixMaxSum\05.SquareMatrixMaxSum.csproj", "{D92F50A3-F14C-444C-916F-871C119F4F02}"
EndProject
Project("{FAE04EC0-301F-11D3-BF4B-00C04F79EFBC}") = "06.SortStrings", "06.SortStrings\06.SortStrings.csproj", "{E128F867-BBF1-41BF-AFF0-20F77016479B}"
EndProject
Project("{FAE04EC0-301F-11D3-BF4B-00C04F79EFBC}") = "07-08. ReplaceSubstring", "07. ReplaceSubstring\07-08. ReplaceSubstring.csproj", "{15E365CE-57D2-4C85-9AA3-9ECE028021EE}"
EndProject
Project("{FAE04EC0-301F-11D3-BF4B-00C04F79EFBC}") = "09.DellOddLines", "09.DellOddLines\09.DellOddLines.csproj", "{7EADD297-9976-48F5-8313-04B1BA014BEA}"
EndProject
Project("{FAE04EC0-301F-11D3-BF4B-00C04F79EFBC}") = "10.RemoveXML Tags", "10.RemoveXML Tags\10.RemoveXML Tags.csproj", "{90986675-C472-4622-B6DB-B1C6FD3F8856}"
EndProject
Project("{FAE04EC0-301F-11D3-BF4B-00C04F79EFBC}") = "12.RemoveBlacklisted", "12.RemoveBlacklisted\12.RemoveBlacklisted.csproj", "{69817C04-8439-4971-8085-68F32B80F39C}"
EndProject
Project("{FAE04EC0-301F-11D3-BF4B-00C04F79EFBC}") = "13.WordCounter", "13.WordCounter\13.WordCounter.csproj", "{72E9BEAB-248A-400E-B1ED-DC7DC81EE2D8}"
EndProject
Project("{FAE04EC0-301F-11D3-BF4B-00C04F79EFBC}") = "11.DeleteWordWithPrefix", "11.DeleteWordWithPrefix\11.DeleteWordWithPrefix.csproj", "{67DA0A2A-4231-4D72-8DAA-408C093FE24F}"
EndProject
Global
	GlobalSection(SolutionConfigurationPlatforms) = preSolution
		Debug|Any CPU = Debug|Any CPU
		Release|Any CPU = Release|Any CPU
	EndGlobalSection
	GlobalSection(ProjectConfigurationPlatforms) = postSolution
		{693E31F3-4DE4-42FC-8C6D-64B192789981}.Debug|Any CPU.ActiveCfg = Debug|Any CPU
		{693E31F3-4DE4-42FC-8C6D-64B192789981}.Debug|Any CPU.Build.0 = Debug|Any CPU
		{693E31F3-4DE4-42FC-8C6D-64B192789981}.Release|Any CPU.ActiveCfg = Release|Any CPU
		{693E31F3-4DE4-42FC-8C6D-64B192789981}.Release|Any CPU.Build.0 = Release|Any CPU
		{55DB7CA9-2037-4B67-88A0-BB2F3C039DC4}.Debug|Any CPU.ActiveCfg = Debug|Any CPU
		{55DB7CA9-2037-4B67-88A0-BB2F3C039DC4}.Debug|Any CPU.Build.0 = Debug|Any CPU
		{55DB7CA9-2037-4B67-88A0-BB2F3C039DC4}.Release|Any CPU.ActiveCfg = Release|Any CPU
		{55DB7CA9-2037-4B67-88A0-BB2F3C039DC4}.Release|Any CPU.Build.0 = Release|Any CPU
		{9810EBCA-5F0C-4CE1-B97B-DBE656E48FE9}.Debug|Any CPU.ActiveCfg = Debug|Any CPU
		{9810EBCA-5F0C-4CE1-B97B-DBE656E48FE9}.Debug|Any CPU.Build.0 = Debug|Any CPU
		{9810EBCA-5F0C-4CE1-B97B-DBE656E48FE9}.Release|Any CPU.ActiveCfg = Release|Any CPU
		{9810EBCA-5F0C-4CE1-B97B-DBE656E48FE9}.Release|Any CPU.Build.0 = Release|Any CPU
		{06FC09EC-0C80-40E7-84EB-2829F34C157A}.Debug|Any CPU.ActiveCfg = Debug|Any CPU
		{06FC09EC-0C80-40E7-84EB-2829F34C157A}.Debug|Any CPU.Build.0 = Debug|Any CPU
		{06FC09EC-0C80-40E7-84EB-2829F34C157A}.Release|Any CPU.ActiveCfg = Release|Any CPU
		{06FC09EC-0C80-40E7-84EB-2829F34C157A}.Release|Any CPU.Build.0 = Release|Any CPU
		{D92F50A3-F14C-444C-916F-871C119F4F02}.Debug|Any CPU.ActiveCfg = Debug|Any CPU
		{D92F50A3-F14C-444C-916F-871C119F4F02}.Debug|Any CPU.Build.0 = Debug|Any CPU
		{D92F50A3-F14C-444C-916F-871C119F4F02}.Release|Any CPU.ActiveCfg = Release|Any CPU
		{D92F50A3-F14C-444C-916F-871C119F4F02}.Release|Any CPU.Build.0 = Release|Any CPU
		{E128F867-BBF1-41BF-AFF0-20F77016479B}.Debug|Any CPU.ActiveCfg = Debug|Any CPU
		{E128F867-BBF1-41BF-AFF0-20F77016479B}.Debug|Any CPU.Build.0 = Debug|Any CPU
		{E128F867-BBF1-41BF-AFF0-20F77016479B}.Release|Any CPU.ActiveCfg = Release|Any CPU
		{E128F867-BBF1-41BF-AFF0-20F77016479B}.Release|Any CPU.Build.0 = Release|Any CPU
		{15E365CE-57D2-4C85-9AA3-9ECE028021EE}.Debug|Any CPU.ActiveCfg = Debug|Any CPU
		{15E365CE-57D2-4C85-9AA3-9ECE028021EE}.Debug|Any CPU.Build.0 = Debug|Any CPU
		{15E365CE-57D2-4C85-9AA3-9ECE028021EE}.Release|Any CPU.ActiveCfg = Release|Any CPU
		{15E365CE-57D2-4C85-9AA3-9ECE028021EE}.Release|Any CPU.Build.0 = Release|Any CPU
		{7EADD297-9976-48F5-8313-04B1BA014BEA}.Debug|Any CPU.ActiveCfg = Debug|Any CPU
		{7EADD297-9976-48F5-8313-04B1BA014BEA}.Debug|Any CPU.Build.0 = Debug|Any CPU
		{7EADD297-9976-48F5-8313-04B1BA014BEA}.Release|Any CPU.ActiveCfg = Release|Any CPU
		{7EADD297-9976-48F5-8313-04B1BA014BEA}.Release|Any CPU.Build.0 = Release|Any CPU
		{90986675-C472-4622-B6DB-B1C6FD3F8856}.Debug|Any CPU.ActiveCfg = Debug|Any CPU
		{90986675-C472-4622-B6DB-B1C6FD3F8856}.Debug|Any CPU.Build.0 = Debug|Any CPU
		{90986675-C472-4622-B6DB-B1C6FD3F8856}.Release|Any CPU.ActiveCfg = Release|Any CPU
		{90986675-C472-4622-B6DB-B1C6FD3F8856}.Release|Any CPU.Build.0 = Release|Any CPU
		{69817C04-8439-4971-8085-68F32B80F39C}.Debug|Any CPU.ActiveCfg = Debug|Any CPU
		{69817C04-8439-4971-8085-68F32B80F39C}.Debug|Any CPU.Build.0 = Debug|Any CPU
		{69817C04-8439-4971-8085-68F32B80F39C}.Release|Any CPU.ActiveCfg = Release|Any CPU
		{69817C04-8439-4971-8085-68F32B80F39C}.Release|Any CPU.Build.0 = Release|Any CPU
		{72E9BEAB-248A-400E-B1ED-DC7DC81EE2D8}.Debug|Any CPU.ActiveCfg = Debug|Any CPU
		{72E9BEAB-248A-400E-B1ED-DC7DC81EE2D8}.Debug|Any CPU.Build.0 = Debug|Any CPU
		{72E9BEAB-248A-400E-B1ED-DC7DC81EE2D8}.Release|Any CPU.ActiveCfg = Release|Any CPU
		{72E9BEAB-248A-400E-B1ED-DC7DC81EE2D8}.Release|Any CPU.Build.0 = Release|Any CPU
		{67DA0A2A-4231-4D72-8DAA-408C093FE24F}.Debug|Any CPU.ActiveCfg = Debug|Any CPU
		{67DA0A2A-4231-4D72-8DAA-408C093FE24F}.Debug|Any CPU.Build.0 = Debug|Any CPU
		{67DA0A2A-4231-4D72-8DAA-408C093FE24F}.Release|Any CPU.ActiveCfg = Release|Any CPU
		{67DA0A2A-4231-4D72-8DAA-408C093FE24F}.Release|Any CPU.Build.0 = Release|Any CPU
	EndGlobalSection
	GlobalSection(SolutionProperties) = preSolution
		HideSolutionNode = FALSE
	EndGlobalSection
EndGlobal
