
Microsoft Visual Studio Solution File, Format Version 12.00
# Visual Studio Express 2013 for Windows Desktop
VisualStudioVersion = 12.0.21005.1
MinimumVisualStudioVersion = 10.0.40219.1
Project("{FAE04EC0-301F-11D3-BF4B-00C04F79EFBC}") = "01.Zerg", "01.Zerg\01.Zerg.csproj", "{AABA6710-12F6-444C-900C-C55964AC2E5A}"
EndProject
Project("{FAE04EC0-301F-11D3-BF4B-00C04F79EFBC}") = "MovingLetters", "MovingLetters\MovingLetters.csproj", "{773E3353-F423-42B6-AB83-D5C820DF9B03}"
EndProject
Global
	GlobalSection(SolutionConfigurationPlatforms) = preSolution
		Debug|Any CPU = Debug|Any CPU
		Release|Any CPU = Release|Any CPU
	EndGlobalSection
	GlobalSection(ProjectConfigurationPlatforms) = postSolution
		{AABA6710-12F6-444C-900C-C55964AC2E5A}.Debug|Any CPU.ActiveCfg = Debug|Any CPU
		{AABA6710-12F6-444C-900C-C55964AC2E5A}.Debug|Any CPU.Build.0 = Debug|Any CPU
		{AABA6710-12F6-444C-900C-C55964AC2E5A}.Release|Any CPU.ActiveCfg = Release|Any CPU
		{AABA6710-12F6-444C-900C-C55964AC2E5A}.Release|Any CPU.Build.0 = Release|Any CPU
		{773E3353-F423-42B6-AB83-D5C820DF9B03}.Debug|Any CPU.ActiveCfg = Debug|Any CPU
		{773E3353-F423-42B6-AB83-D5C820DF9B03}.Debug|Any CPU.Build.0 = Debug|Any CPU
		{773E3353-F423-42B6-AB83-D5C820DF9B03}.Release|Any CPU.ActiveCfg = Release|Any CPU
		{773E3353-F423-42B6-AB83-D5C820DF9B03}.Release|Any CPU.Build.0 = Release|Any CPU
	EndGlobalSection
	GlobalSection(SolutionProperties) = preSolution
		HideSolutionNode = FALSE
	EndGlobalSection
EndGlobal
