
Microsoft Visual Studio Solution File, Format Version 12.00
# Visual Studio 2012
Project("{FAE04EC0-301F-11D3-BF4B-00C04F79EFBC}") = "02.PrintHelloCSharp", "02.PrintHelloCSharp\02.PrintHelloCSharp.csproj", "{1B2C200B-2B21-4559-A7F3-75DE988293B1}"
EndProject
Project("{FAE04EC0-301F-11D3-BF4B-00C04F79EFBC}") = "03.PrintMyName", "03.PrintMyName\03.PrintMyName.csproj", "{A9B480DE-3416-4BD8-AA65-C6E647F53CDF}"
EndProject
Project("{FAE04EC0-301F-11D3-BF4B-00C04F79EFBC}") = "04.PrintThreeNumbers - Solution One", "04.PrintThreeNumbers - Solution One\04.PrintThreeNumbers - Solution One.csproj", "{35309976-0C21-4361-94EF-F4336DA59BB7}"
EndProject
Project("{FAE04EC0-301F-11D3-BF4B-00C04F79EFBC}") = "04.PrintThreeNumbers - Solution Two", "04.PrintThreeNumbers - Solution Two\04.PrintThreeNumbers - Solution Two.csproj", "{EEC5AA69-56B3-45E5-B9BC-49617676F8EF}"
EndProject
Project("{FAE04EC0-301F-11D3-BF4B-00C04F79EFBC}") = "06.PrintMyFullName", "06.PrintMyFullName\06.PrintMyFullName.csproj", "{AB3BE3BA-5A53-44DC-B27B-46FF0AA9753C}"
EndProject
Project("{FAE04EC0-301F-11D3-BF4B-00C04F79EFBC}") = "07.PrintCurrentDateTime", "07.PrintCurrentDateTime\07.PrintCurrentDateTime.csproj", "{4C51CEF7-A86D-498A-9BA9-37CB92B45BD3}"
EndProject
Project("{FAE04EC0-301F-11D3-BF4B-00C04F79EFBC}") = "08.PrintSquareOfNumber - Solution 1", "08.PrintSquareOfNumber - SolutionOne\08.PrintSquareOfNumber - Solution 1.csproj", "{CE2E9721-1377-4B44-81CD-AC8801230EAD}"
EndProject
Project("{FAE04EC0-301F-11D3-BF4B-00C04F79EFBC}") = "08.PrintSquareOfNumber - Solution 2", "08.PrintSquareOfNumber - SolutionTwo\08.PrintSquareOfNumber - Solution 2.csproj", "{5D95B233-D47E-4F43-A0CA-41FF6DFA60C0}"
EndProject
Project("{FAE04EC0-301F-11D3-BF4B-00C04F79EFBC}") = "09.PrintSquence", "09.PrintSquence\09.PrintSquence.csproj", "{9BC88CA1-6EE5-4196-A1A6-146BAD724C79}"
EndProject
Project("{FAE04EC0-301F-11D3-BF4B-00C04F79EFBC}") = "10.MostPopularProgrammingLanguages", "10.MostPopularProgrammingLanguages\10.MostPopularProgrammingLanguages.csproj", "{45777D97-1656-4204-8DEF-800BAC6287B1}"
EndProject
Project("{FAE04EC0-301F-11D3-BF4B-00C04F79EFBC}") = "11.DifferenceBetweenCSharpAndNET", "11.DifferenceBetweenCSharpAndNET\11.DifferenceBetweenCSharpAndNET.csproj", "{EB2CCF1C-E012-4C9B-A6D2-2AD8C84EBE40}"
EndProject
Project("{FAE04EC0-301F-11D3-BF4B-00C04F79EFBC}") = "12.PrintMyAgeAfterTenYears", "12.PrintMyAgeAfterTenYears\12.PrintMyAgeAfterTenYears.csproj", "{3C26FF7A-847E-4BE7-AA84-781560E39778}"
EndProject
Project("{FAE04EC0-301F-11D3-BF4B-00C04F79EFBC}") = "08.PrintSquareOfNumber - Solution 3", "08.PrintSquareOfNumber - Solution 3\08.PrintSquareOfNumber - Solution 3.csproj", "{DC86BAFF-2CDC-4E79-9A42-90F484D56EFA}"
EndProject
Global
	GlobalSection(SolutionConfigurationPlatforms) = preSolution
		Debug|Any CPU = Debug|Any CPU
		Debug|x86 = Debug|x86
		Release|Any CPU = Release|Any CPU
		Release|x86 = Release|x86
	EndGlobalSection
	GlobalSection(ProjectConfigurationPlatforms) = postSolution
		{1B2C200B-2B21-4559-A7F3-75DE988293B1}.Debug|Any CPU.ActiveCfg = Debug|Any CPU
		{1B2C200B-2B21-4559-A7F3-75DE988293B1}.Debug|Any CPU.Build.0 = Debug|Any CPU
		{1B2C200B-2B21-4559-A7F3-75DE988293B1}.Debug|x86.ActiveCfg = Debug|x86
		{1B2C200B-2B21-4559-A7F3-75DE988293B1}.Debug|x86.Build.0 = Debug|x86
		{1B2C200B-2B21-4559-A7F3-75DE988293B1}.Release|Any CPU.ActiveCfg = Release|Any CPU
		{1B2C200B-2B21-4559-A7F3-75DE988293B1}.Release|Any CPU.Build.0 = Release|Any CPU
		{1B2C200B-2B21-4559-A7F3-75DE988293B1}.Release|x86.ActiveCfg = Release|x86
		{1B2C200B-2B21-4559-A7F3-75DE988293B1}.Release|x86.Build.0 = Release|x86
		{A9B480DE-3416-4BD8-AA65-C6E647F53CDF}.Debug|Any CPU.ActiveCfg = Debug|Any CPU
		{A9B480DE-3416-4BD8-AA65-C6E647F53CDF}.Debug|Any CPU.Build.0 = Debug|Any CPU
		{A9B480DE-3416-4BD8-AA65-C6E647F53CDF}.Debug|x86.ActiveCfg = Debug|x86
		{A9B480DE-3416-4BD8-AA65-C6E647F53CDF}.Debug|x86.Build.0 = Debug|x86
		{A9B480DE-3416-4BD8-AA65-C6E647F53CDF}.Release|Any CPU.ActiveCfg = Release|Any CPU
		{A9B480DE-3416-4BD8-AA65-C6E647F53CDF}.Release|Any CPU.Build.0 = Release|Any CPU
		{A9B480DE-3416-4BD8-AA65-C6E647F53CDF}.Release|x86.ActiveCfg = Release|x86
		{A9B480DE-3416-4BD8-AA65-C6E647F53CDF}.Release|x86.Build.0 = Release|x86
		{35309976-0C21-4361-94EF-F4336DA59BB7}.Debug|Any CPU.ActiveCfg = Debug|Any CPU
		{35309976-0C21-4361-94EF-F4336DA59BB7}.Debug|Any CPU.Build.0 = Debug|Any CPU
		{35309976-0C21-4361-94EF-F4336DA59BB7}.Debug|x86.ActiveCfg = Debug|x86
		{35309976-0C21-4361-94EF-F4336DA59BB7}.Debug|x86.Build.0 = Debug|x86
		{35309976-0C21-4361-94EF-F4336DA59BB7}.Release|Any CPU.ActiveCfg = Release|Any CPU
		{35309976-0C21-4361-94EF-F4336DA59BB7}.Release|Any CPU.Build.0 = Release|Any CPU
		{35309976-0C21-4361-94EF-F4336DA59BB7}.Release|x86.ActiveCfg = Release|x86
		{35309976-0C21-4361-94EF-F4336DA59BB7}.Release|x86.Build.0 = Release|x86
		{EEC5AA69-56B3-45E5-B9BC-49617676F8EF}.Debug|Any CPU.ActiveCfg = Debug|Any CPU
		{EEC5AA69-56B3-45E5-B9BC-49617676F8EF}.Debug|Any CPU.Build.0 = Debug|Any CPU
		{EEC5AA69-56B3-45E5-B9BC-49617676F8EF}.Debug|x86.ActiveCfg = Debug|Any CPU
		{EEC5AA69-56B3-45E5-B9BC-49617676F8EF}.Release|Any CPU.ActiveCfg = Release|Any CPU
		{EEC5AA69-56B3-45E5-B9BC-49617676F8EF}.Release|Any CPU.Build.0 = Release|Any CPU
		{EEC5AA69-56B3-45E5-B9BC-49617676F8EF}.Release|x86.ActiveCfg = Release|Any CPU
		{AB3BE3BA-5A53-44DC-B27B-46FF0AA9753C}.Debug|Any CPU.ActiveCfg = Debug|Any CPU
		{AB3BE3BA-5A53-44DC-B27B-46FF0AA9753C}.Debug|Any CPU.Build.0 = Debug|Any CPU
		{AB3BE3BA-5A53-44DC-B27B-46FF0AA9753C}.Debug|x86.ActiveCfg = Debug|x86
		{AB3BE3BA-5A53-44DC-B27B-46FF0AA9753C}.Debug|x86.Build.0 = Debug|x86
		{AB3BE3BA-5A53-44DC-B27B-46FF0AA9753C}.Release|Any CPU.ActiveCfg = Release|Any CPU
		{AB3BE3BA-5A53-44DC-B27B-46FF0AA9753C}.Release|Any CPU.Build.0 = Release|Any CPU
		{AB3BE3BA-5A53-44DC-B27B-46FF0AA9753C}.Release|x86.ActiveCfg = Release|x86
		{AB3BE3BA-5A53-44DC-B27B-46FF0AA9753C}.Release|x86.Build.0 = Release|x86
		{4C51CEF7-A86D-498A-9BA9-37CB92B45BD3}.Debug|Any CPU.ActiveCfg = Debug|Any CPU
		{4C51CEF7-A86D-498A-9BA9-37CB92B45BD3}.Debug|Any CPU.Build.0 = Debug|Any CPU
		{4C51CEF7-A86D-498A-9BA9-37CB92B45BD3}.Debug|x86.ActiveCfg = Debug|x86
		{4C51CEF7-A86D-498A-9BA9-37CB92B45BD3}.Debug|x86.Build.0 = Debug|x86
		{4C51CEF7-A86D-498A-9BA9-37CB92B45BD3}.Release|Any CPU.ActiveCfg = Release|Any CPU
		{4C51CEF7-A86D-498A-9BA9-37CB92B45BD3}.Release|Any CPU.Build.0 = Release|Any CPU
		{4C51CEF7-A86D-498A-9BA9-37CB92B45BD3}.Release|x86.ActiveCfg = Release|x86
		{4C51CEF7-A86D-498A-9BA9-37CB92B45BD3}.Release|x86.Build.0 = Release|x86
		{CE2E9721-1377-4B44-81CD-AC8801230EAD}.Debug|Any CPU.ActiveCfg = Debug|Any CPU
		{CE2E9721-1377-4B44-81CD-AC8801230EAD}.Debug|Any CPU.Build.0 = Debug|Any CPU
		{CE2E9721-1377-4B44-81CD-AC8801230EAD}.Debug|x86.ActiveCfg = Debug|x86
		{CE2E9721-1377-4B44-81CD-AC8801230EAD}.Debug|x86.Build.0 = Debug|x86
		{CE2E9721-1377-4B44-81CD-AC8801230EAD}.Release|Any CPU.ActiveCfg = Release|Any CPU
		{CE2E9721-1377-4B44-81CD-AC8801230EAD}.Release|Any CPU.Build.0 = Release|Any CPU
		{CE2E9721-1377-4B44-81CD-AC8801230EAD}.Release|x86.ActiveCfg = Release|x86
		{CE2E9721-1377-4B44-81CD-AC8801230EAD}.Release|x86.Build.0 = Release|x86
		{5D95B233-D47E-4F43-A0CA-41FF6DFA60C0}.Debug|Any CPU.ActiveCfg = Debug|Any CPU
		{5D95B233-D47E-4F43-A0CA-41FF6DFA60C0}.Debug|Any CPU.Build.0 = Debug|Any CPU
		{5D95B233-D47E-4F43-A0CA-41FF6DFA60C0}.Debug|x86.ActiveCfg = Debug|x86
		{5D95B233-D47E-4F43-A0CA-41FF6DFA60C0}.Debug|x86.Build.0 = Debug|x86
		{5D95B233-D47E-4F43-A0CA-41FF6DFA60C0}.Release|Any CPU.ActiveCfg = Release|Any CPU
		{5D95B233-D47E-4F43-A0CA-41FF6DFA60C0}.Release|Any CPU.Build.0 = Release|Any CPU
		{5D95B233-D47E-4F43-A0CA-41FF6DFA60C0}.Release|x86.ActiveCfg = Release|x86
		{5D95B233-D47E-4F43-A0CA-41FF6DFA60C0}.Release|x86.Build.0 = Release|x86
		{9BC88CA1-6EE5-4196-A1A6-146BAD724C79}.Debug|Any CPU.ActiveCfg = Debug|Any CPU
		{9BC88CA1-6EE5-4196-A1A6-146BAD724C79}.Debug|Any CPU.Build.0 = Debug|Any CPU
		{9BC88CA1-6EE5-4196-A1A6-146BAD724C79}.Debug|x86.ActiveCfg = Debug|x86
		{9BC88CA1-6EE5-4196-A1A6-146BAD724C79}.Debug|x86.Build.0 = Debug|x86
		{9BC88CA1-6EE5-4196-A1A6-146BAD724C79}.Release|Any CPU.ActiveCfg = Release|Any CPU
		{9BC88CA1-6EE5-4196-A1A6-146BAD724C79}.Release|Any CPU.Build.0 = Release|Any CPU
		{9BC88CA1-6EE5-4196-A1A6-146BAD724C79}.Release|x86.ActiveCfg = Release|x86
		{9BC88CA1-6EE5-4196-A1A6-146BAD724C79}.Release|x86.Build.0 = Release|x86
		{45777D97-1656-4204-8DEF-800BAC6287B1}.Debug|Any CPU.ActiveCfg = Debug|Any CPU
		{45777D97-1656-4204-8DEF-800BAC6287B1}.Debug|Any CPU.Build.0 = Debug|Any CPU
		{45777D97-1656-4204-8DEF-800BAC6287B1}.Debug|x86.ActiveCfg = Debug|x86
		{45777D97-1656-4204-8DEF-800BAC6287B1}.Debug|x86.Build.0 = Debug|x86
		{45777D97-1656-4204-8DEF-800BAC6287B1}.Release|Any CPU.ActiveCfg = Release|Any CPU
		{45777D97-1656-4204-8DEF-800BAC6287B1}.Release|Any CPU.Build.0 = Release|Any CPU
		{45777D97-1656-4204-8DEF-800BAC6287B1}.Release|x86.ActiveCfg = Release|x86
		{45777D97-1656-4204-8DEF-800BAC6287B1}.Release|x86.Build.0 = Release|x86
		{EB2CCF1C-E012-4C9B-A6D2-2AD8C84EBE40}.Debug|Any CPU.ActiveCfg = Debug|Any CPU
		{EB2CCF1C-E012-4C9B-A6D2-2AD8C84EBE40}.Debug|Any CPU.Build.0 = Debug|Any CPU
		{EB2CCF1C-E012-4C9B-A6D2-2AD8C84EBE40}.Debug|x86.ActiveCfg = Debug|x86
		{EB2CCF1C-E012-4C9B-A6D2-2AD8C84EBE40}.Debug|x86.Build.0 = Debug|x86
		{EB2CCF1C-E012-4C9B-A6D2-2AD8C84EBE40}.Release|Any CPU.ActiveCfg = Release|Any CPU
		{EB2CCF1C-E012-4C9B-A6D2-2AD8C84EBE40}.Release|Any CPU.Build.0 = Release|Any CPU
		{EB2CCF1C-E012-4C9B-A6D2-2AD8C84EBE40}.Release|x86.ActiveCfg = Release|x86
		{EB2CCF1C-E012-4C9B-A6D2-2AD8C84EBE40}.Release|x86.Build.0 = Release|x86
		{3C26FF7A-847E-4BE7-AA84-781560E39778}.Debug|Any CPU.ActiveCfg = Debug|Any CPU
		{3C26FF7A-847E-4BE7-AA84-781560E39778}.Debug|Any CPU.Build.0 = Debug|Any CPU
		{3C26FF7A-847E-4BE7-AA84-781560E39778}.Debug|x86.ActiveCfg = Debug|x86
		{3C26FF7A-847E-4BE7-AA84-781560E39778}.Debug|x86.Build.0 = Debug|x86
		{3C26FF7A-847E-4BE7-AA84-781560E39778}.Release|Any CPU.ActiveCfg = Release|Any CPU
		{3C26FF7A-847E-4BE7-AA84-781560E39778}.Release|Any CPU.Build.0 = Release|Any CPU
		{3C26FF7A-847E-4BE7-AA84-781560E39778}.Release|x86.ActiveCfg = Release|x86
		{3C26FF7A-847E-4BE7-AA84-781560E39778}.Release|x86.Build.0 = Release|x86
		{DC86BAFF-2CDC-4E79-9A42-90F484D56EFA}.Debug|Any CPU.ActiveCfg = Debug|Any CPU
		{DC86BAFF-2CDC-4E79-9A42-90F484D56EFA}.Debug|Any CPU.Build.0 = Debug|Any CPU
		{DC86BAFF-2CDC-4E79-9A42-90F484D56EFA}.Debug|x86.ActiveCfg = Debug|Any CPU
		{DC86BAFF-2CDC-4E79-9A42-90F484D56EFA}.Release|Any CPU.ActiveCfg = Release|Any CPU
		{DC86BAFF-2CDC-4E79-9A42-90F484D56EFA}.Release|Any CPU.Build.0 = Release|Any CPU
		{DC86BAFF-2CDC-4E79-9A42-90F484D56EFA}.Release|x86.ActiveCfg = Release|Any CPU
	EndGlobalSection
	GlobalSection(SolutionProperties) = preSolution
		HideSolutionNode = FALSE
	EndGlobalSection
EndGlobal
